{
  "name": "memoir",
  "version": "1.0.0",
  "lockfileVersion": 3,
  "requires": true,
  "packages": {
    "": {
      "name": "memoir",
      "version": "1.0.0",
      "hasInstallScript": true,
      "license": "MIT",
      "dependencies": {
        "uikit": "^3.0.0-rc.2"
      },
      "devDependencies": {
        "ncp": "latest"
      }
    },
    "node_modules/ncp": {
      "version": "2.0.0",
      "resolved": "https://registry.npmjs.org/ncp/-/ncp-2.0.0.tgz",
      "integrity": "sha512-zIdGUrPRFTUELUvr3Gmc7KZ2Sw/h1PiVM0Af/oHB6zgnV1ikqSfRk+TOufi79aHYCW3NiOXmr1BP5nWbzojLaA==",
      "dev": true,
      "bin": {
        "ncp": "bin/ncp"
      }
    },
    "node_modules/uikit": {
      "version": "3.18.0",
      "resolved": "https://registry.npmjs.org/uikit/-/uikit-3.18.0.tgz",
      "integrity": "sha512-mheK4lxQRIkgUOL9V285aM9icabCn8yEMQH6t5Xzuue0lDVzr9jWK5+FxBjLGT4Mzsplhi6HVbZVa2EIcD8SUg=="
    }
  }
}
